
Microsoft Visual Studio Solution File, Format Version 12.00
# Visual Studio Version 16
VisualStudioVersion = 16.0.30104.148
MinimumVisualStudioVersion = 10.0.40219.1
Project("{FAE04EC0-301F-11D3-BF4B-00C04F79EFBC}") = "GettingStartedLib", "GettingStartedLib\GettingStartedLib.csproj", "{B96BD624-1986-4605-BEE2-92458F7C178C}"
EndProject
Project("{FAE04EC0-301F-11D3-BF4B-00C04F79EFBC}") = "GettingStartedHost", "GettingStartedHost\GettingStartedHost.csproj", "{4A8DB8C6-E326-47BB-A960-7F46C601A4A2}"
EndProject
Project("{FAE04EC0-301F-11D3-BF4B-00C04F79EFBC}") = "GettingStartedClient", "GettingStartedClient\GettingStartedClient.csproj", "{757872F4-07CF-404D-872D-72C06DCFB1E4}"
	ProjectSection(ProjectDependencies) = postProject
		{B96BD624-1986-4605-BEE2-92458F7C178C} = {B96BD624-1986-4605-BEE2-92458F7C178C}
	EndProjectSection
EndProject
Global
	GlobalSection(SolutionConfigurationPlatforms) = preSolution
		Debug|Any CPU = Debug|Any CPU
		Release|Any CPU = Release|Any CPU
	EndGlobalSection
	GlobalSection(ProjectConfigurationPlatforms) = postSolution
		{B96BD624-1986-4605-BEE2-92458F7C178C}.Debug|Any CPU.ActiveCfg = Debug|Any CPU
		{B96BD624-1986-4605-BEE2-92458F7C178C}.Debug|Any CPU.Build.0 = Debug|Any CPU
		{B96BD624-1986-4605-BEE2-92458F7C178C}.Release|Any CPU.ActiveCfg = Release|Any CPU
		{B96BD624-1986-4605-BEE2-92458F7C178C}.Release|Any CPU.Build.0 = Release|Any CPU
		{4A8DB8C6-E326-47BB-A960-7F46C601A4A2}.Debug|Any CPU.ActiveCfg = Debug|Any CPU
		{4A8DB8C6-E326-47BB-A960-7F46C601A4A2}.Debug|Any CPU.Build.0 = Debug|Any CPU
		{4A8DB8C6-E326-47BB-A960-7F46C601A4A2}.Release|Any CPU.ActiveCfg = Release|Any CPU
		{4A8DB8C6-E326-47BB-A960-7F46C601A4A2}.Release|Any CPU.Build.0 = Release|Any CPU
		{757872F4-07CF-404D-872D-72C06DCFB1E4}.Debug|Any CPU.ActiveCfg = Debug|Any CPU
		{757872F4-07CF-404D-872D-72C06DCFB1E4}.Debug|Any CPU.Build.0 = Debug|Any CPU
		{757872F4-07CF-404D-872D-72C06DCFB1E4}.Release|Any CPU.ActiveCfg = Release|Any CPU
		{757872F4-07CF-404D-872D-72C06DCFB1E4}.Release|Any CPU.Build.0 = Release|Any CPU
	EndGlobalSection
	GlobalSection(SolutionProperties) = preSolution
		HideSolutionNode = FALSE
	EndGlobalSection
	GlobalSection(ExtensibilityGlobals) = postSolution
		SolutionGuid = {552B9A35-759A-4C54-9613-E75D5A203C06}
	EndGlobalSection
EndGlobal
